
Microsoft Visual Studio Solution File, Format Version 12.00
# Visual Studio 14
VisualStudioVersion = 14.0.25123.0
MinimumVisualStudioVersion = 10.0.40219.1
Project("{FAE04EC0-301F-11D3-BF4B-00C04F79EFBC}") = "SAS.Jakyl.TestWeb", "UmbracoUnitTesting.TestWeb\SAS.Jakyl.TestWeb.csproj", "{504B45A1-EC5F-42C1-822F-EA1BA648009B}"
EndProject
Project("{FAE04EC0-301F-11D3-BF4B-00C04F79EFBC}") = "SAS.Jakyl.TestWeb.Test", "UmbracoUnitTesting.TestWeb.Test\SAS.Jakyl.TestWeb.Test.csproj", "{1D87C61B-554F-4709-A21E-969A76B813A7}"
EndProject
Project("{2150E333-8FDC-42A3-9474-1A3956D46DE8}") = "Test", "Test", "{5594B0A1-64D8-44F9-8173-6E3D93A118A1}"
EndProject
Project("{FAE04EC0-301F-11D3-BF4B-00C04F79EFBC}") = "SAS.Jakyl.Core", "UmbracoUnitTesting\SAS.Jakyl.Core.csproj", "{E01DCDD4-2372-4DF4-BAB7-34B252773A3D}"
EndProject
Project("{2150E333-8FDC-42A3-9474-1A3956D46DE8}") = "Solution Items", "Solution Items", "{02365184-CBB9-4C36-859D-F845D15BF248}"
	ProjectSection(SolutionItems) = preProject
		PackPNUnit.bat = PackPNUnit.bat
		README.md = README.md
	EndProjectSection
EndProject
Project("{FAE04EC0-301F-11D3-BF4B-00C04F79EFBC}") = "SAS.Jakyl", "UmbracoUnitTesting.Engine\SAS.Jakyl.csproj", "{494B7E91-E7CE-4B22-925C-AA8143458A76}"
EndProject
Global
	GlobalSection(SolutionConfigurationPlatforms) = preSolution
		Debug|Any CPU = Debug|Any CPU
		Release|Any CPU = Release|Any CPU
	EndGlobalSection
	GlobalSection(ProjectConfigurationPlatforms) = postSolution
		{504B45A1-EC5F-42C1-822F-EA1BA648009B}.Debug|Any CPU.ActiveCfg = Debug|Any CPU
		{504B45A1-EC5F-42C1-822F-EA1BA648009B}.Debug|Any CPU.Build.0 = Debug|Any CPU
		{504B45A1-EC5F-42C1-822F-EA1BA648009B}.Release|Any CPU.ActiveCfg = Release|Any CPU
		{504B45A1-EC5F-42C1-822F-EA1BA648009B}.Release|Any CPU.Build.0 = Release|Any CPU
		{1D87C61B-554F-4709-A21E-969A76B813A7}.Debug|Any CPU.ActiveCfg = Debug|Any CPU
		{1D87C61B-554F-4709-A21E-969A76B813A7}.Debug|Any CPU.Build.0 = Debug|Any CPU
		{1D87C61B-554F-4709-A21E-969A76B813A7}.Release|Any CPU.ActiveCfg = Release|Any CPU
		{1D87C61B-554F-4709-A21E-969A76B813A7}.Release|Any CPU.Build.0 = Release|Any CPU
		{E01DCDD4-2372-4DF4-BAB7-34B252773A3D}.Debug|Any CPU.ActiveCfg = Debug|Any CPU
		{E01DCDD4-2372-4DF4-BAB7-34B252773A3D}.Debug|Any CPU.Build.0 = Debug|Any CPU
		{E01DCDD4-2372-4DF4-BAB7-34B252773A3D}.Release|Any CPU.ActiveCfg = Release|Any CPU
		{E01DCDD4-2372-4DF4-BAB7-34B252773A3D}.Release|Any CPU.Build.0 = Release|Any CPU
		{494B7E91-E7CE-4B22-925C-AA8143458A76}.Debug|Any CPU.ActiveCfg = Debug|Any CPU
		{494B7E91-E7CE-4B22-925C-AA8143458A76}.Debug|Any CPU.Build.0 = Debug|Any CPU
		{494B7E91-E7CE-4B22-925C-AA8143458A76}.Release|Any CPU.ActiveCfg = Release|Any CPU
		{494B7E91-E7CE-4B22-925C-AA8143458A76}.Release|Any CPU.Build.0 = Release|Any CPU
	EndGlobalSection
	GlobalSection(SolutionProperties) = preSolution
		HideSolutionNode = FALSE
	EndGlobalSection
	GlobalSection(NestedProjects) = preSolution
		{504B45A1-EC5F-42C1-822F-EA1BA648009B} = {5594B0A1-64D8-44F9-8173-6E3D93A118A1}
		{1D87C61B-554F-4709-A21E-969A76B813A7} = {5594B0A1-64D8-44F9-8173-6E3D93A118A1}
	EndGlobalSection
EndGlobal
